
Microsoft Visual Studio Solution File, Format Version 12.00
# Visual Studio Version 16
VisualStudioVersion = 16.0.31911.196
MinimumVisualStudioVersion = 10.0.40219.1
Project("{9A19103F-16F7-4668-BE54-9A1E7A4F7556}") = "ToolManagementApp", "ToolManagementApp.csproj", "{91255BA6-CD10-4D95-BB26-2B180EBBC32D}"
EndProject
Global
	GlobalSection(SolutionConfigurationPlatforms) = preSolution
		Debug|Any CPU = Debug|Any CPU
		Release|Any CPU = Release|Any CPU
	EndGlobalSection
	GlobalSection(ProjectConfigurationPlatforms) = postSolution
		{91255BA6-CD10-4D95-BB26-2B180EBBC32D}.Debug|Any CPU.ActiveCfg = Debug|Any CPU
		{91255BA6-CD10-4D95-BB26-2B180EBBC32D}.Debug|Any CPU.Build.0 = Debug|Any CPU
		{91255BA6-CD10-4D95-BB26-2B180EBBC32D}.Release|Any CPU.ActiveCfg = Release|Any CPU
		{91255BA6-CD10-4D95-BB26-2B180EBBC32D}.Release|Any CPU.Build.0 = Release|Any CPU
	EndGlobalSection
	GlobalSection(SolutionProperties) = preSolution
		HideSolutionNode = FALSE
	EndGlobalSection
	GlobalSection(ExtensibilityGlobals) = postSolution
		SolutionGuid = {E448D369-4689-479E-811E-3768E611BEDC}
	EndGlobalSection
EndGlobal
